{
  "name": "package.json",
  "version": "1.0.0",
  "lockfileVersion": 3,
  "requires": true,
  "packages": {
    "": {
      "name": "package.json",
      "version": "1.0.0",
      "license": "ISC",
      "dependencies": {
        "concurrency": "^0.1.4",
        "module-alias": "^2.2.3"
      }
    },
    "node_modules/concurrency": {
      "version": "0.1.4",
      "resolved": "https://registry.npmjs.org/concurrency/-/concurrency-0.1.4.tgz",
      "integrity": "sha512-uwS/Z8zsvOUnIfTiMM5kV5N5JnsrR1fpt5thlg723jELkoORXmFs+BJHOaCn9OTGpCVkfG3vqiLGBPHiBXxKaA==",
      "license": "Apache2.0"
    },
    "node_modules/module-alias": {
      "version": "2.2.3",
      "resolved": "https://registry.npmjs.org/module-alias/-/module-alias-2.2.3.tgz",
      "integrity": "sha512-23g5BFj4zdQL/b6tor7Ji+QY4pEfNH784BMslY9Qb0UnJWRAt+lQGLYmRaM0KDBwIG23ffEBELhZDP2rhi9f/Q==",
      "license": "MIT"
    }
  }
}
